
Microsoft Visual Studio Solution File, Format Version 12.00
# Visual Studio Version 16
VisualStudioVersion = 16.0.31605.320
MinimumVisualStudioVersion = 10.0.40219.1
Project("{2150E333-8FDC-42A3-9474-1A3956D46DE8}") = "src", "src", "{54E175B3-A6F0-48A2-A472-DDC1E6C7EA8D}"
EndProject
Project("{2150E333-8FDC-42A3-9474-1A3956D46DE8}") = "Coupon", "Coupon", "{BE7F4623-BF39-483E-AEA4-42CB4D606076}"
EndProject
Project("{2150E333-8FDC-42A3-9474-1A3956D46DE8}") = "Catalog", "Catalog", "{49B969B6-B730-465B-A458-E18008E069DD}"
EndProject
Project("{2150E333-8FDC-42A3-9474-1A3956D46DE8}") = "Order", "Order", "{2FBAE344-A1CD-4AC5-A3C5-42DE17C82800}"
EndProject
Project("{2150E333-8FDC-42A3-9474-1A3956D46DE8}") = "Auth", "Auth", "{539051D3-4DB0-4423-81F1-87540884B9D5}"
EndProject
Project("{2150E333-8FDC-42A3-9474-1A3956D46DE8}") = "Services", "Services", "{B707793C-2666-4422-9BCF-2227343497DB}"
EndProject
Project("{2150E333-8FDC-42A3-9474-1A3956D46DE8}") = "Payment", "Payment", "{1C56F624-981E-496B-AC36-12B8263A4BEE}"
EndProject
Project("{2150E333-8FDC-42A3-9474-1A3956D46DE8}") = "ApiGateway", "ApiGateway", "{DB3D1196-984C-40AC-A7A4-26A8E9A2D6CB}"
EndProject
Project("{2150E333-8FDC-42A3-9474-1A3956D46DE8}") = "Cart", "Cart", "{B5AC0DFC-DC33-4BD4-8445-6FB5711EB772}"
EndProject
Project("{2150E333-8FDC-42A3-9474-1A3956D46DE8}") = "WebApps", "WebApps", "{2F6EFBB3-6D94-4A5D-9968-29246268C880}"
EndProject
Project("{9A19103F-16F7-4668-BE54-9A1E7A4F7556}") = "OcelotApiGateway", "ApiGateway\OcelotApiGateway\OcelotApiGateway.csproj", "{BAD86AE0-6008-41A8-BBE8-0DA64360D37B}"
EndProject
Project("{9A19103F-16F7-4668-BE54-9A1E7A4F7556}") = "CatalogService.API", "Services\Catalog\CatalogService.API\CatalogService.API.csproj", "{B508D75A-90B0-446A-B452-E4283962D574}"
EndProject
Project("{9A19103F-16F7-4668-BE54-9A1E7A4F7556}") = "CatalogService.Application", "Services\Catalog\CatalogService.Application\CatalogService.Application.csproj", "{4CA62F6E-DB0B-457F-80CF-A5965F13258F}"
EndProject
Project("{9A19103F-16F7-4668-BE54-9A1E7A4F7556}") = "CatalogService.Domain", "Services\Catalog\CatalogService.Domain\CatalogService.Domain.csproj", "{A91C638A-6E1D-4D19-A82B-A015CBB5EA6D}"
EndProject
Project("{9A19103F-16F7-4668-BE54-9A1E7A4F7556}") = "CatalogService.Test", "Services\Catalog\CatalogService.Test\CatalogService.Test.csproj", "{3043C232-BC0D-414C-8116-AF5AFA1BD549}"
EndProject
Project("{9A19103F-16F7-4668-BE54-9A1E7A4F7556}") = "CatalogService.Infrastructure", "Services\Catalog\CatalogService.Infrastructure\CatalogService.Infrastructure.csproj", "{45B85F58-DE4A-48AA-A867-782E0D208D9E}"
EndProject
Project("{9A19103F-16F7-4668-BE54-9A1E7A4F7556}") = "CartService.API", "Services\Cart\CartService.API\CartService.API.csproj", "{B774473E-7E67-423A-B6B2-DD8C45058BFE}"
EndProject
Project("{9A19103F-16F7-4668-BE54-9A1E7A4F7556}") = "CartService.Application", "Services\Cart\CartService.Application\CartService.Application.csproj", "{8A4D262D-9A16-4907-B725-351699FB1436}"
EndProject
Project("{9A19103F-16F7-4668-BE54-9A1E7A4F7556}") = "CartService.Domain", "Services\Cart\CartService.Domain\CartService.Domain.csproj", "{D775019D-44C6-493A-8377-A03109EFA5A5}"
EndProject
Project("{9A19103F-16F7-4668-BE54-9A1E7A4F7556}") = "CartService.Tests", "Services\Cart\CartService.Tests\CartService.Tests.csproj", "{C67A8E47-68D4-4E96-BD65-9CA482BFF3D3}"
EndProject
Project("{9A19103F-16F7-4668-BE54-9A1E7A4F7556}") = "CartService.Infrastructure", "Services\Cart\CartService.Infrastructure\CartService.Infrastructure.csproj", "{635A4708-CFBA-4604-A06C-6193DBA9FCE5}"
EndProject
Project("{9A19103F-16F7-4668-BE54-9A1E7A4F7556}") = "OrderService.API", "Services\Order\OrderService.API\OrderService.API.csproj", "{3964E135-3429-426A-BAA6-123D9E21A167}"
EndProject
Project("{2150E333-8FDC-42A3-9474-1A3956D46DE8}") = "Commons", "Commons", "{0A3DE3B3-1599-4E53-89B9-B3FC161FFFA8}"
EndProject
Project("{9A19103F-16F7-4668-BE54-9A1E7A4F7556}") = "Decors.EventBus", "Commons\Decors.EventBus\Decors.EventBus.csproj", "{D1EE9C3B-96CA-49EE-8AD2-80BEFA1A167F}"
EndProject
Project("{9A19103F-16F7-4668-BE54-9A1E7A4F7556}") = "OrderService.Application", "Services\Order\OrderService.Application\OrderService.Application.csproj", "{C8EDD7C7-3490-40D1-8C88-28F7247676A1}"
EndProject
Project("{9A19103F-16F7-4668-BE54-9A1E7A4F7556}") = "OrderService.Infrastructure", "Services\Order\OrderService.Infrastructure\OrderService.Infrastructure.csproj", "{FFD7401E-507C-4032-8A6E-87D48F97FBF0}"
EndProject
Project("{9A19103F-16F7-4668-BE54-9A1E7A4F7556}") = "OrderService.Domain", "Services\Order\OrderService.Domain\OrderService.Domain.csproj", "{C439E396-BCFA-4B4F-A771-0A1793805395}"
EndProject
Project("{9A19103F-16F7-4668-BE54-9A1E7A4F7556}") = "CouponService.API", "Services\Discount\DiscountService\CouponService.API.csproj", "{C27D7C6A-D192-423F-BE52-FC8996D4C111}"
EndProject
Global
	GlobalSection(SolutionConfigurationPlatforms) = preSolution
		Debug|Any CPU = Debug|Any CPU
		Release|Any CPU = Release|Any CPU
	EndGlobalSection
	GlobalSection(ProjectConfigurationPlatforms) = postSolution
		{BAD86AE0-6008-41A8-BBE8-0DA64360D37B}.Debug|Any CPU.ActiveCfg = Debug|Any CPU
		{BAD86AE0-6008-41A8-BBE8-0DA64360D37B}.Debug|Any CPU.Build.0 = Debug|Any CPU
		{BAD86AE0-6008-41A8-BBE8-0DA64360D37B}.Release|Any CPU.ActiveCfg = Release|Any CPU
		{BAD86AE0-6008-41A8-BBE8-0DA64360D37B}.Release|Any CPU.Build.0 = Release|Any CPU
		{B508D75A-90B0-446A-B452-E4283962D574}.Debug|Any CPU.ActiveCfg = Debug|Any CPU
		{B508D75A-90B0-446A-B452-E4283962D574}.Debug|Any CPU.Build.0 = Debug|Any CPU
		{B508D75A-90B0-446A-B452-E4283962D574}.Release|Any CPU.ActiveCfg = Release|Any CPU
		{B508D75A-90B0-446A-B452-E4283962D574}.Release|Any CPU.Build.0 = Release|Any CPU
		{4CA62F6E-DB0B-457F-80CF-A5965F13258F}.Debug|Any CPU.ActiveCfg = Debug|Any CPU
		{4CA62F6E-DB0B-457F-80CF-A5965F13258F}.Debug|Any CPU.Build.0 = Debug|Any CPU
		{4CA62F6E-DB0B-457F-80CF-A5965F13258F}.Release|Any CPU.ActiveCfg = Release|Any CPU
		{4CA62F6E-DB0B-457F-80CF-A5965F13258F}.Release|Any CPU.Build.0 = Release|Any CPU
		{A91C638A-6E1D-4D19-A82B-A015CBB5EA6D}.Debug|Any CPU.ActiveCfg = Debug|Any CPU
		{A91C638A-6E1D-4D19-A82B-A015CBB5EA6D}.Debug|Any CPU.Build.0 = Debug|Any CPU
		{A91C638A-6E1D-4D19-A82B-A015CBB5EA6D}.Release|Any CPU.ActiveCfg = Release|Any CPU
		{A91C638A-6E1D-4D19-A82B-A015CBB5EA6D}.Release|Any CPU.Build.0 = Release|Any CPU
		{3043C232-BC0D-414C-8116-AF5AFA1BD549}.Debug|Any CPU.ActiveCfg = Debug|Any CPU
		{3043C232-BC0D-414C-8116-AF5AFA1BD549}.Debug|Any CPU.Build.0 = Debug|Any CPU
		{3043C232-BC0D-414C-8116-AF5AFA1BD549}.Release|Any CPU.ActiveCfg = Release|Any CPU
		{3043C232-BC0D-414C-8116-AF5AFA1BD549}.Release|Any CPU.Build.0 = Release|Any CPU
		{45B85F58-DE4A-48AA-A867-782E0D208D9E}.Debug|Any CPU.ActiveCfg = Debug|Any CPU
		{45B85F58-DE4A-48AA-A867-782E0D208D9E}.Debug|Any CPU.Build.0 = Debug|Any CPU
		{45B85F58-DE4A-48AA-A867-782E0D208D9E}.Release|Any CPU.ActiveCfg = Release|Any CPU
		{45B85F58-DE4A-48AA-A867-782E0D208D9E}.Release|Any CPU.Build.0 = Release|Any CPU
		{B774473E-7E67-423A-B6B2-DD8C45058BFE}.Debug|Any CPU.ActiveCfg = Debug|Any CPU
		{B774473E-7E67-423A-B6B2-DD8C45058BFE}.Debug|Any CPU.Build.0 = Debug|Any CPU
		{B774473E-7E67-423A-B6B2-DD8C45058BFE}.Release|Any CPU.ActiveCfg = Release|Any CPU
		{B774473E-7E67-423A-B6B2-DD8C45058BFE}.Release|Any CPU.Build.0 = Release|Any CPU
		{8A4D262D-9A16-4907-B725-351699FB1436}.Debug|Any CPU.ActiveCfg = Debug|Any CPU
		{8A4D262D-9A16-4907-B725-351699FB1436}.Debug|Any CPU.Build.0 = Debug|Any CPU
		{8A4D262D-9A16-4907-B725-351699FB1436}.Release|Any CPU.ActiveCfg = Release|Any CPU
		{8A4D262D-9A16-4907-B725-351699FB1436}.Release|Any CPU.Build.0 = Release|Any CPU
		{D775019D-44C6-493A-8377-A03109EFA5A5}.Debug|Any CPU.ActiveCfg = Debug|Any CPU
		{D775019D-44C6-493A-8377-A03109EFA5A5}.Debug|Any CPU.Build.0 = Debug|Any CPU
		{D775019D-44C6-493A-8377-A03109EFA5A5}.Release|Any CPU.ActiveCfg = Release|Any CPU
		{D775019D-44C6-493A-8377-A03109EFA5A5}.Release|Any CPU.Build.0 = Release|Any CPU
		{C67A8E47-68D4-4E96-BD65-9CA482BFF3D3}.Debug|Any CPU.ActiveCfg = Debug|Any CPU
		{C67A8E47-68D4-4E96-BD65-9CA482BFF3D3}.Debug|Any CPU.Build.0 = Debug|Any CPU
		{C67A8E47-68D4-4E96-BD65-9CA482BFF3D3}.Release|Any CPU.ActiveCfg = Release|Any CPU
		{C67A8E47-68D4-4E96-BD65-9CA482BFF3D3}.Release|Any CPU.Build.0 = Release|Any CPU
		{635A4708-CFBA-4604-A06C-6193DBA9FCE5}.Debug|Any CPU.ActiveCfg = Debug|Any CPU
		{635A4708-CFBA-4604-A06C-6193DBA9FCE5}.Debug|Any CPU.Build.0 = Debug|Any CPU
		{635A4708-CFBA-4604-A06C-6193DBA9FCE5}.Release|Any CPU.ActiveCfg = Release|Any CPU
		{635A4708-CFBA-4604-A06C-6193DBA9FCE5}.Release|Any CPU.Build.0 = Release|Any CPU
		{3964E135-3429-426A-BAA6-123D9E21A167}.Debug|Any CPU.ActiveCfg = Debug|Any CPU
		{3964E135-3429-426A-BAA6-123D9E21A167}.Debug|Any CPU.Build.0 = Debug|Any CPU
		{3964E135-3429-426A-BAA6-123D9E21A167}.Release|Any CPU.ActiveCfg = Release|Any CPU
		{3964E135-3429-426A-BAA6-123D9E21A167}.Release|Any CPU.Build.0 = Release|Any CPU
		{D1EE9C3B-96CA-49EE-8AD2-80BEFA1A167F}.Debug|Any CPU.ActiveCfg = Debug|Any CPU
		{D1EE9C3B-96CA-49EE-8AD2-80BEFA1A167F}.Debug|Any CPU.Build.0 = Debug|Any CPU
		{D1EE9C3B-96CA-49EE-8AD2-80BEFA1A167F}.Release|Any CPU.ActiveCfg = Release|Any CPU
		{D1EE9C3B-96CA-49EE-8AD2-80BEFA1A167F}.Release|Any CPU.Build.0 = Release|Any CPU
		{C8EDD7C7-3490-40D1-8C88-28F7247676A1}.Debug|Any CPU.ActiveCfg = Debug|Any CPU
		{C8EDD7C7-3490-40D1-8C88-28F7247676A1}.Debug|Any CPU.Build.0 = Debug|Any CPU
		{C8EDD7C7-3490-40D1-8C88-28F7247676A1}.Release|Any CPU.ActiveCfg = Release|Any CPU
		{C8EDD7C7-3490-40D1-8C88-28F7247676A1}.Release|Any CPU.Build.0 = Release|Any CPU
		{FFD7401E-507C-4032-8A6E-87D48F97FBF0}.Debug|Any CPU.ActiveCfg = Debug|Any CPU
		{FFD7401E-507C-4032-8A6E-87D48F97FBF0}.Debug|Any CPU.Build.0 = Debug|Any CPU
		{FFD7401E-507C-4032-8A6E-87D48F97FBF0}.Release|Any CPU.ActiveCfg = Release|Any CPU
		{FFD7401E-507C-4032-8A6E-87D48F97FBF0}.Release|Any CPU.Build.0 = Release|Any CPU
		{C439E396-BCFA-4B4F-A771-0A1793805395}.Debug|Any CPU.ActiveCfg = Debug|Any CPU
		{C439E396-BCFA-4B4F-A771-0A1793805395}.Debug|Any CPU.Build.0 = Debug|Any CPU
		{C439E396-BCFA-4B4F-A771-0A1793805395}.Release|Any CPU.ActiveCfg = Release|Any CPU
		{C439E396-BCFA-4B4F-A771-0A1793805395}.Release|Any CPU.Build.0 = Release|Any CPU
		{C27D7C6A-D192-423F-BE52-FC8996D4C111}.Debug|Any CPU.ActiveCfg = Debug|Any CPU
		{C27D7C6A-D192-423F-BE52-FC8996D4C111}.Debug|Any CPU.Build.0 = Debug|Any CPU
		{C27D7C6A-D192-423F-BE52-FC8996D4C111}.Release|Any CPU.ActiveCfg = Release|Any CPU
		{C27D7C6A-D192-423F-BE52-FC8996D4C111}.Release|Any CPU.Build.0 = Release|Any CPU
	EndGlobalSection
	GlobalSection(SolutionProperties) = preSolution
		HideSolutionNode = FALSE
	EndGlobalSection
	GlobalSection(NestedProjects) = preSolution
		{BE7F4623-BF39-483E-AEA4-42CB4D606076} = {B707793C-2666-4422-9BCF-2227343497DB}
		{49B969B6-B730-465B-A458-E18008E069DD} = {B707793C-2666-4422-9BCF-2227343497DB}
		{2FBAE344-A1CD-4AC5-A3C5-42DE17C82800} = {B707793C-2666-4422-9BCF-2227343497DB}
		{539051D3-4DB0-4423-81F1-87540884B9D5} = {B707793C-2666-4422-9BCF-2227343497DB}
		{B707793C-2666-4422-9BCF-2227343497DB} = {54E175B3-A6F0-48A2-A472-DDC1E6C7EA8D}
		{1C56F624-981E-496B-AC36-12B8263A4BEE} = {B707793C-2666-4422-9BCF-2227343497DB}
		{DB3D1196-984C-40AC-A7A4-26A8E9A2D6CB} = {54E175B3-A6F0-48A2-A472-DDC1E6C7EA8D}
		{B5AC0DFC-DC33-4BD4-8445-6FB5711EB772} = {B707793C-2666-4422-9BCF-2227343497DB}
		{2F6EFBB3-6D94-4A5D-9968-29246268C880} = {54E175B3-A6F0-48A2-A472-DDC1E6C7EA8D}
		{BAD86AE0-6008-41A8-BBE8-0DA64360D37B} = {DB3D1196-984C-40AC-A7A4-26A8E9A2D6CB}
		{B508D75A-90B0-446A-B452-E4283962D574} = {49B969B6-B730-465B-A458-E18008E069DD}
		{4CA62F6E-DB0B-457F-80CF-A5965F13258F} = {49B969B6-B730-465B-A458-E18008E069DD}
		{A91C638A-6E1D-4D19-A82B-A015CBB5EA6D} = {49B969B6-B730-465B-A458-E18008E069DD}
		{3043C232-BC0D-414C-8116-AF5AFA1BD549} = {49B969B6-B730-465B-A458-E18008E069DD}
		{45B85F58-DE4A-48AA-A867-782E0D208D9E} = {49B969B6-B730-465B-A458-E18008E069DD}
		{B774473E-7E67-423A-B6B2-DD8C45058BFE} = {B5AC0DFC-DC33-4BD4-8445-6FB5711EB772}
		{8A4D262D-9A16-4907-B725-351699FB1436} = {B5AC0DFC-DC33-4BD4-8445-6FB5711EB772}
		{D775019D-44C6-493A-8377-A03109EFA5A5} = {B5AC0DFC-DC33-4BD4-8445-6FB5711EB772}
		{C67A8E47-68D4-4E96-BD65-9CA482BFF3D3} = {B5AC0DFC-DC33-4BD4-8445-6FB5711EB772}
		{635A4708-CFBA-4604-A06C-6193DBA9FCE5} = {B5AC0DFC-DC33-4BD4-8445-6FB5711EB772}
		{3964E135-3429-426A-BAA6-123D9E21A167} = {2FBAE344-A1CD-4AC5-A3C5-42DE17C82800}
		{0A3DE3B3-1599-4E53-89B9-B3FC161FFFA8} = {54E175B3-A6F0-48A2-A472-DDC1E6C7EA8D}
		{D1EE9C3B-96CA-49EE-8AD2-80BEFA1A167F} = {0A3DE3B3-1599-4E53-89B9-B3FC161FFFA8}
		{C8EDD7C7-3490-40D1-8C88-28F7247676A1} = {2FBAE344-A1CD-4AC5-A3C5-42DE17C82800}
		{FFD7401E-507C-4032-8A6E-87D48F97FBF0} = {2FBAE344-A1CD-4AC5-A3C5-42DE17C82800}
		{C439E396-BCFA-4B4F-A771-0A1793805395} = {2FBAE344-A1CD-4AC5-A3C5-42DE17C82800}
		{C27D7C6A-D192-423F-BE52-FC8996D4C111} = {BE7F4623-BF39-483E-AEA4-42CB4D606076}
	EndGlobalSection
	GlobalSection(ExtensibilityGlobals) = postSolution
		SolutionGuid = {4CBB3025-B531-4625-9237-1BF600E7A395}
	EndGlobalSection
EndGlobal
